
Microsoft Visual Studio Solution File, Format Version 12.00
# Visual Studio Version 17
VisualStudioVersion = 17.13.35919.96
MinimumVisualStudioVersion = 10.0.40219.1
Project("{FAE04EC0-301F-11D3-BF4B-00C04F79EFBC}") = "Bai01Lap11", "Bai1\Bai01Lap11.csproj", "{8417E4A8-73BD-4552-8311-FFD3D590749C}"
EndProject
Project("{FAE04EC0-301F-11D3-BF4B-00C04F79EFBC}") = "Bai04", "Bai04\Bai04.csproj", "{2868C0B2-44C3-4461-A991-3EC93EF76A72}"
EndProject
Project("{FAE04EC0-301F-11D3-BF4B-00C04F79EFBC}") = "Bai02Lap11", "Bai02Lap11\Bai02Lap11.csproj", "{8F69CF52-1620-4BD7-A0AE-8C7F1FC1162D}"
EndProject
Project("{FAE04EC0-301F-11D3-BF4B-00C04F79EFBC}") = "Bai03Lap11", "Bai03Lap11\Bai03Lap11.csproj", "{59C44FAD-D322-45CC-A4E4-65B2BADB6454}"
EndProject
Project("{FAE04EC0-301F-11D3-BF4B-00C04F79EFBC}") = "Bai04Lap11", "Bai04Lap11\Bai04Lap11.csproj", "{E98FF459-F8AD-4614-973A-DFE0EDB11BE5}"
EndProject
Project("{FAE04EC0-301F-11D3-BF4B-00C04F79EFBC}") = "Bai05Lap11", "Bai05Lap11\Bai05Lap11.csproj", "{E3631A5F-0FFD-4B05-9687-1A5A91A4D612}"
EndProject
Project("{FAE04EC0-301F-11D3-BF4B-00C04F79EFBC}") = "Bai06Lap11", "Bai06Lap11\Bai06Lap11.csproj", "{9691D50F-6BF3-4CCE-8243-F17239095917}"
EndProject
Project("{FAE04EC0-301F-11D3-BF4B-00C04F79EFBC}") = "Bai07Lap11", "Bai07Lap11\Bai07Lap11.csproj", "{482923C8-B866-4BEE-9C7A-78CAF431EE75}"
EndProject
Project("{FAE04EC0-301F-11D3-BF4B-00C04F79EFBC}") = "Bai08Lap11", "Bai08Lap11\Bai08Lap11.csproj", "{29FB4C21-2DC8-49A9-83C6-08EC8AB2D315}"
EndProject
Project("{FAE04EC0-301F-11D3-BF4B-00C04F79EFBC}") = "Bai09Lap11", "Bai09Lap11\Bai09Lap11.csproj", "{7B439063-8B3D-4B8E-AAFE-A6A2970C1FF3}"
EndProject
Project("{FAE04EC0-301F-11D3-BF4B-00C04F79EFBC}") = "Bai10Lap11", "Bai10Lap11\Bai10Lap11.csproj", "{2026AAF3-4971-4FF6-99F9-5163D92DB1D8}"
EndProject
Project("{FAE04EC0-301F-11D3-BF4B-00C04F79EFBC}") = "Bai01Lap12", "Bai01Lap12\Bai01Lap12.csproj", "{7E9FECE3-A93F-4532-B8D0-1B4111D27B80}"
EndProject
Project("{FAE04EC0-301F-11D3-BF4B-00C04F79EFBC}") = "Bai02Lap12", "Bai02Lap12\Bai02Lap12.csproj", "{FE11465F-F073-4C3C-AF10-633AE0E5D5C6}"
EndProject
Project("{FAE04EC0-301F-11D3-BF4B-00C04F79EFBC}") = "Bai03Lap12", "Bai03Lap12\Bai03Lap12.csproj", "{8E16A36C-14C3-4195-8ECE-29FAFB2D74D8}"
EndProject
Project("{FAE04EC0-301F-11D3-BF4B-00C04F79EFBC}") = "Bai04Lap13", "Bai04Lap13\Bai04Lap13.csproj", "{A1745FFA-65F3-4210-9509-8EF99DDDDDC1}"
EndProject
Project("{FAE04EC0-301F-11D3-BF4B-00C04F79EFBC}") = "Bai05Lap12", "Bai05Lap12\Bai05Lap12.csproj", "{00FFC0EF-69DB-4BFB-A376-D4881B160ADA}"
EndProject
Project("{FAE04EC0-301F-11D3-BF4B-00C04F79EFBC}") = "Bai06Lap12", "Bai06Lap12\Bai06Lap12.csproj", "{D57C891C-582A-43C8-B2E9-6322FA5FF292}"
EndProject
Project("{FAE04EC0-301F-11D3-BF4B-00C04F79EFBC}") = "Bai1-lap13", "Bai1Lab13\Bai1-lap13.csproj", "{C08CEA79-CCF0-4AF3-872B-BBB67C8C50DC}"
EndProject
Project("{FAE04EC0-301F-11D3-BF4B-00C04F79EFBC}") = "HocCollections", "HocCollections\HocCollections.csproj", "{30281EC7-1576-471A-A45D-AE959D40D05E}"
EndProject
Project("{FAE04EC0-301F-11D3-BF4B-00C04F79EFBC}") = "HocGenerics", "HocGenerics\HocGenerics.csproj", "{0A219C1F-A081-4A04-A571-5F3CDCB0CA9B}"
EndProject
Project("{FAE04EC0-301F-11D3-BF4B-00C04F79EFBC}") = "HocGenericsColection", "HocGenericsColection\HocGenericsColection.csproj", "{0131CDCD-999F-4D71-A953-57A084F1808F}"
EndProject
Project("{FAE04EC0-301F-11D3-BF4B-00C04F79EFBC}") = "HocDelegates", "HocDelegates\HocDelegates.csproj", "{717F545B-EC4B-4A1B-B1CB-87F5BB32EB7A}"
EndProject
Project("{FAE04EC0-301F-11D3-BF4B-00C04F79EFBC}") = "DelegatesApp", "DelegatesApp\DelegatesApp.csproj", "{D2995E4C-29C4-4435-A126-5DC73058E06C}"
EndProject
Project("{FAE04EC0-301F-11D3-BF4B-00C04F79EFBC}") = "Bai2-lap13", "Bai2-lap13\Bai2-lap13.csproj", "{DCF58289-5497-450C-919E-A52BD7FFC1CD}"
EndProject
Project("{FAE04EC0-301F-11D3-BF4B-00C04F79EFBC}") = "Bai3-lap3", "Bai3-lap3\Bai3-lap3.csproj", "{9B5EF5EF-407B-4802-9094-A0BA22598E9E}"
EndProject
Global
	GlobalSection(SolutionConfigurationPlatforms) = preSolution
		Debug|Any CPU = Debug|Any CPU
		Release|Any CPU = Release|Any CPU
	EndGlobalSection
	GlobalSection(ProjectConfigurationPlatforms) = postSolution
		{8417E4A8-73BD-4552-8311-FFD3D590749C}.Debug|Any CPU.ActiveCfg = Debug|Any CPU
		{8417E4A8-73BD-4552-8311-FFD3D590749C}.Debug|Any CPU.Build.0 = Debug|Any CPU
		{8417E4A8-73BD-4552-8311-FFD3D590749C}.Release|Any CPU.ActiveCfg = Release|Any CPU
		{8417E4A8-73BD-4552-8311-FFD3D590749C}.Release|Any CPU.Build.0 = Release|Any CPU
		{2868C0B2-44C3-4461-A991-3EC93EF76A72}.Debug|Any CPU.ActiveCfg = Debug|Any CPU
		{2868C0B2-44C3-4461-A991-3EC93EF76A72}.Debug|Any CPU.Build.0 = Debug|Any CPU
		{2868C0B2-44C3-4461-A991-3EC93EF76A72}.Release|Any CPU.ActiveCfg = Release|Any CPU
		{2868C0B2-44C3-4461-A991-3EC93EF76A72}.Release|Any CPU.Build.0 = Release|Any CPU
		{8F69CF52-1620-4BD7-A0AE-8C7F1FC1162D}.Debug|Any CPU.ActiveCfg = Debug|Any CPU
		{8F69CF52-1620-4BD7-A0AE-8C7F1FC1162D}.Debug|Any CPU.Build.0 = Debug|Any CPU
		{8F69CF52-1620-4BD7-A0AE-8C7F1FC1162D}.Release|Any CPU.ActiveCfg = Release|Any CPU
		{8F69CF52-1620-4BD7-A0AE-8C7F1FC1162D}.Release|Any CPU.Build.0 = Release|Any CPU
		{59C44FAD-D322-45CC-A4E4-65B2BADB6454}.Debug|Any CPU.ActiveCfg = Debug|Any CPU
		{59C44FAD-D322-45CC-A4E4-65B2BADB6454}.Debug|Any CPU.Build.0 = Debug|Any CPU
		{59C44FAD-D322-45CC-A4E4-65B2BADB6454}.Release|Any CPU.ActiveCfg = Release|Any CPU
		{59C44FAD-D322-45CC-A4E4-65B2BADB6454}.Release|Any CPU.Build.0 = Release|Any CPU
		{E98FF459-F8AD-4614-973A-DFE0EDB11BE5}.Debug|Any CPU.ActiveCfg = Debug|Any CPU
		{E98FF459-F8AD-4614-973A-DFE0EDB11BE5}.Debug|Any CPU.Build.0 = Debug|Any CPU
		{E98FF459-F8AD-4614-973A-DFE0EDB11BE5}.Release|Any CPU.ActiveCfg = Release|Any CPU
		{E98FF459-F8AD-4614-973A-DFE0EDB11BE5}.Release|Any CPU.Build.0 = Release|Any CPU
		{E3631A5F-0FFD-4B05-9687-1A5A91A4D612}.Debug|Any CPU.ActiveCfg = Debug|Any CPU
		{E3631A5F-0FFD-4B05-9687-1A5A91A4D612}.Debug|Any CPU.Build.0 = Debug|Any CPU
		{E3631A5F-0FFD-4B05-9687-1A5A91A4D612}.Release|Any CPU.ActiveCfg = Release|Any CPU
		{E3631A5F-0FFD-4B05-9687-1A5A91A4D612}.Release|Any CPU.Build.0 = Release|Any CPU
		{9691D50F-6BF3-4CCE-8243-F17239095917}.Debug|Any CPU.ActiveCfg = Debug|Any CPU
		{9691D50F-6BF3-4CCE-8243-F17239095917}.Debug|Any CPU.Build.0 = Debug|Any CPU
		{9691D50F-6BF3-4CCE-8243-F17239095917}.Release|Any CPU.ActiveCfg = Release|Any CPU
		{9691D50F-6BF3-4CCE-8243-F17239095917}.Release|Any CPU.Build.0 = Release|Any CPU
		{482923C8-B866-4BEE-9C7A-78CAF431EE75}.Debug|Any CPU.ActiveCfg = Debug|Any CPU
		{482923C8-B866-4BEE-9C7A-78CAF431EE75}.Debug|Any CPU.Build.0 = Debug|Any CPU
		{482923C8-B866-4BEE-9C7A-78CAF431EE75}.Release|Any CPU.ActiveCfg = Release|Any CPU
		{482923C8-B866-4BEE-9C7A-78CAF431EE75}.Release|Any CPU.Build.0 = Release|Any CPU
		{29FB4C21-2DC8-49A9-83C6-08EC8AB2D315}.Debug|Any CPU.ActiveCfg = Debug|Any CPU
		{29FB4C21-2DC8-49A9-83C6-08EC8AB2D315}.Debug|Any CPU.Build.0 = Debug|Any CPU
		{29FB4C21-2DC8-49A9-83C6-08EC8AB2D315}.Release|Any CPU.ActiveCfg = Release|Any CPU
		{29FB4C21-2DC8-49A9-83C6-08EC8AB2D315}.Release|Any CPU.Build.0 = Release|Any CPU
		{7B439063-8B3D-4B8E-AAFE-A6A2970C1FF3}.Debug|Any CPU.ActiveCfg = Debug|Any CPU
		{7B439063-8B3D-4B8E-AAFE-A6A2970C1FF3}.Debug|Any CPU.Build.0 = Debug|Any CPU
		{7B439063-8B3D-4B8E-AAFE-A6A2970C1FF3}.Release|Any CPU.ActiveCfg = Release|Any CPU
		{7B439063-8B3D-4B8E-AAFE-A6A2970C1FF3}.Release|Any CPU.Build.0 = Release|Any CPU
		{2026AAF3-4971-4FF6-99F9-5163D92DB1D8}.Debug|Any CPU.ActiveCfg = Debug|Any CPU
		{2026AAF3-4971-4FF6-99F9-5163D92DB1D8}.Debug|Any CPU.Build.0 = Debug|Any CPU
		{2026AAF3-4971-4FF6-99F9-5163D92DB1D8}.Release|Any CPU.ActiveCfg = Release|Any CPU
		{2026AAF3-4971-4FF6-99F9-5163D92DB1D8}.Release|Any CPU.Build.0 = Release|Any CPU
		{7E9FECE3-A93F-4532-B8D0-1B4111D27B80}.Debug|Any CPU.ActiveCfg = Debug|Any CPU
		{7E9FECE3-A93F-4532-B8D0-1B4111D27B80}.Debug|Any CPU.Build.0 = Debug|Any CPU
		{7E9FECE3-A93F-4532-B8D0-1B4111D27B80}.Release|Any CPU.ActiveCfg = Release|Any CPU
		{7E9FECE3-A93F-4532-B8D0-1B4111D27B80}.Release|Any CPU.Build.0 = Release|Any CPU
		{FE11465F-F073-4C3C-AF10-633AE0E5D5C6}.Debug|Any CPU.ActiveCfg = Debug|Any CPU
		{FE11465F-F073-4C3C-AF10-633AE0E5D5C6}.Debug|Any CPU.Build.0 = Debug|Any CPU
		{FE11465F-F073-4C3C-AF10-633AE0E5D5C6}.Release|Any CPU.ActiveCfg = Release|Any CPU
		{FE11465F-F073-4C3C-AF10-633AE0E5D5C6}.Release|Any CPU.Build.0 = Release|Any CPU
		{8E16A36C-14C3-4195-8ECE-29FAFB2D74D8}.Debug|Any CPU.ActiveCfg = Debug|Any CPU
		{8E16A36C-14C3-4195-8ECE-29FAFB2D74D8}.Debug|Any CPU.Build.0 = Debug|Any CPU
		{8E16A36C-14C3-4195-8ECE-29FAFB2D74D8}.Release|Any CPU.ActiveCfg = Release|Any CPU
		{8E16A36C-14C3-4195-8ECE-29FAFB2D74D8}.Release|Any CPU.Build.0 = Release|Any CPU
		{A1745FFA-65F3-4210-9509-8EF99DDDDDC1}.Debug|Any CPU.ActiveCfg = Debug|Any CPU
		{A1745FFA-65F3-4210-9509-8EF99DDDDDC1}.Debug|Any CPU.Build.0 = Debug|Any CPU
		{A1745FFA-65F3-4210-9509-8EF99DDDDDC1}.Release|Any CPU.ActiveCfg = Release|Any CPU
		{A1745FFA-65F3-4210-9509-8EF99DDDDDC1}.Release|Any CPU.Build.0 = Release|Any CPU
		{00FFC0EF-69DB-4BFB-A376-D4881B160ADA}.Debug|Any CPU.ActiveCfg = Debug|Any CPU
		{00FFC0EF-69DB-4BFB-A376-D4881B160ADA}.Debug|Any CPU.Build.0 = Debug|Any CPU
		{00FFC0EF-69DB-4BFB-A376-D4881B160ADA}.Release|Any CPU.ActiveCfg = Release|Any CPU
		{00FFC0EF-69DB-4BFB-A376-D4881B160ADA}.Release|Any CPU.Build.0 = Release|Any CPU
		{D57C891C-582A-43C8-B2E9-6322FA5FF292}.Debug|Any CPU.ActiveCfg = Debug|Any CPU
		{D57C891C-582A-43C8-B2E9-6322FA5FF292}.Debug|Any CPU.Build.0 = Debug|Any CPU
		{D57C891C-582A-43C8-B2E9-6322FA5FF292}.Release|Any CPU.ActiveCfg = Release|Any CPU
		{D57C891C-582A-43C8-B2E9-6322FA5FF292}.Release|Any CPU.Build.0 = Release|Any CPU
		{C08CEA79-CCF0-4AF3-872B-BBB67C8C50DC}.Debug|Any CPU.ActiveCfg = Debug|Any CPU
		{C08CEA79-CCF0-4AF3-872B-BBB67C8C50DC}.Debug|Any CPU.Build.0 = Debug|Any CPU
		{C08CEA79-CCF0-4AF3-872B-BBB67C8C50DC}.Release|Any CPU.ActiveCfg = Release|Any CPU
		{C08CEA79-CCF0-4AF3-872B-BBB67C8C50DC}.Release|Any CPU.Build.0 = Release|Any CPU
		{30281EC7-1576-471A-A45D-AE959D40D05E}.Debug|Any CPU.ActiveCfg = Debug|Any CPU
		{30281EC7-1576-471A-A45D-AE959D40D05E}.Debug|Any CPU.Build.0 = Debug|Any CPU
		{30281EC7-1576-471A-A45D-AE959D40D05E}.Release|Any CPU.ActiveCfg = Release|Any CPU
		{30281EC7-1576-471A-A45D-AE959D40D05E}.Release|Any CPU.Build.0 = Release|Any CPU
		{0A219C1F-A081-4A04-A571-5F3CDCB0CA9B}.Debug|Any CPU.ActiveCfg = Debug|Any CPU
		{0A219C1F-A081-4A04-A571-5F3CDCB0CA9B}.Debug|Any CPU.Build.0 = Debug|Any CPU
		{0A219C1F-A081-4A04-A571-5F3CDCB0CA9B}.Release|Any CPU.ActiveCfg = Release|Any CPU
		{0A219C1F-A081-4A04-A571-5F3CDCB0CA9B}.Release|Any CPU.Build.0 = Release|Any CPU
		{0131CDCD-999F-4D71-A953-57A084F1808F}.Debug|Any CPU.ActiveCfg = Debug|Any CPU
		{0131CDCD-999F-4D71-A953-57A084F1808F}.Debug|Any CPU.Build.0 = Debug|Any CPU
		{0131CDCD-999F-4D71-A953-57A084F1808F}.Release|Any CPU.ActiveCfg = Release|Any CPU
		{0131CDCD-999F-4D71-A953-57A084F1808F}.Release|Any CPU.Build.0 = Release|Any CPU
		{717F545B-EC4B-4A1B-B1CB-87F5BB32EB7A}.Debug|Any CPU.ActiveCfg = Debug|Any CPU
		{717F545B-EC4B-4A1B-B1CB-87F5BB32EB7A}.Debug|Any CPU.Build.0 = Debug|Any CPU
		{717F545B-EC4B-4A1B-B1CB-87F5BB32EB7A}.Release|Any CPU.ActiveCfg = Release|Any CPU
		{717F545B-EC4B-4A1B-B1CB-87F5BB32EB7A}.Release|Any CPU.Build.0 = Release|Any CPU
		{D2995E4C-29C4-4435-A126-5DC73058E06C}.Debug|Any CPU.ActiveCfg = Debug|Any CPU
		{D2995E4C-29C4-4435-A126-5DC73058E06C}.Debug|Any CPU.Build.0 = Debug|Any CPU
		{D2995E4C-29C4-4435-A126-5DC73058E06C}.Release|Any CPU.ActiveCfg = Release|Any CPU
		{D2995E4C-29C4-4435-A126-5DC73058E06C}.Release|Any CPU.Build.0 = Release|Any CPU
		{DCF58289-5497-450C-919E-A52BD7FFC1CD}.Debug|Any CPU.ActiveCfg = Debug|Any CPU
		{DCF58289-5497-450C-919E-A52BD7FFC1CD}.Debug|Any CPU.Build.0 = Debug|Any CPU
		{DCF58289-5497-450C-919E-A52BD7FFC1CD}.Release|Any CPU.ActiveCfg = Release|Any CPU
		{DCF58289-5497-450C-919E-A52BD7FFC1CD}.Release|Any CPU.Build.0 = Release|Any CPU
		{9B5EF5EF-407B-4802-9094-A0BA22598E9E}.Debug|Any CPU.ActiveCfg = Debug|Any CPU
		{9B5EF5EF-407B-4802-9094-A0BA22598E9E}.Debug|Any CPU.Build.0 = Debug|Any CPU
		{9B5EF5EF-407B-4802-9094-A0BA22598E9E}.Release|Any CPU.ActiveCfg = Release|Any CPU
		{9B5EF5EF-407B-4802-9094-A0BA22598E9E}.Release|Any CPU.Build.0 = Release|Any CPU
	EndGlobalSection
	GlobalSection(SolutionProperties) = preSolution
		HideSolutionNode = FALSE
	EndGlobalSection
	GlobalSection(ExtensibilityGlobals) = postSolution
		SolutionGuid = {5897B893-794A-466A-A9B9-B22A096C0702}
	EndGlobalSection
EndGlobal
